<?xml version="1.0" encoding="utf-8"?>
<Project ToolsVersion="4.0" xmlns="http://schemas.microsoft.com/developer/msbuild/2003">
  <ItemGroup>
    <Filter Include="Math">
      <UniqueIdentifier>{4FC737F1-C7A5-4376-A066-2A32D752A2FF}</UniqueIdentifier>
      <Extensions>cpp;c;cc;cxx;def;odl;idl;hpj;bat;asm;asmx</Extensions>
    </Filter>
    <Filter Include="Misc">
      <UniqueIdentifier>{72056cb6-72a2-42b7-b05e-376f1ddd957e}</UniqueIdentifier>
    </Filter>
    <Filter Include="Shaders">
      <UniqueIdentifier>{837c9fc7-4867-4fa6-b947-589206a26392}</UniqueIdentifier>
    </Filter>
  </ItemGroup>
  <ItemGroup>
    <ClInclude Include="Renderer.h" />
    <ClInclude Include="Vector3.h">
      <Filter>Math</Filter>
    </ClInclude>
    <ClInclude Include="Matrix.h">
      <Filter>Math</Filter>
    </ClInclude>
    <ClInclude Include="Vector4.h">
      <Filter>Math</Filter>
    </ClInclude>
    <ClInclude Include="Math.h">
      <Filter>Math</Filter>
    </ClInclude>
    <ClInclude Include="MathHelpers.h">
      <Filter>Math</Filter>
    </ClInclude>
    <ClInclude Include="Timer.h">
      <Filter>Misc</Filter>
    </ClInclude>
    <ClInclude Include="Vector2.h">
      <Filter>Math</Filter>
    </ClInclude>
    <ClInclude Include="pch.h" />
    <ClInclude Include="ColorRGB.h">
      <Filter>Math</Filter>
    </ClInclude>
    <ClInclude Include="Camera.h" />
    <ClInclude Include="Mesh.h" />
    <ClInclude Include="Texture.h" />
    <ClInclude Include="Utils.h" />
    <ClInclude Include="PosCol3DEffect.h">
      <Filter>Shaders</Filter>
    </ClInclude>
    <ClInclude Include="IEffect.h">
      <Filter>Shaders</Filter>
    </ClInclude>
    <ClInclude Include="DX11EffectVariables.h" />
    <ClInclude Include="imgui-1.90.1\backends\imgui_impl_dx11.h" />
    <ClInclude Include="imgui-1.90.1\backends\imgui_impl_sdl2.h" />
    <ClInclude Include="imgui-1.90.1\imconfig.h" />
    <ClInclude Include="imgui-1.90.1\imgui.h" />
    <ClInclude Include="imgui-1.90.1\imgui_internal.h" />
    <ClInclude Include="imgui-1.90.1\imstb_rectpack.h" />
    <ClInclude Include="imgui-1.90.1\imstb_textedit.h" />
    <ClInclude Include="imgui-1.90.1\imstb_truetype.h" />
    <ClInclude Include="IRenderer.h" />
    <ClInclude Include="Macros.h" />
    <ClInclude Include="Renderer12.h" />
    <ClInclude Include="TextureEffect.h" />
  </ItemGroup>
  <ItemGroup>
    <ClCompile Include="main.cpp" />
    <ClCompile Include="Renderer.cpp" />
    <ClCompile Include="Vector3.cpp">
      <Filter>Math</Filter>
    </ClCompile>
    <ClCompile Include="Matrix.cpp">
      <Filter>Math</Filter>
    </ClCompile>
    <ClCompile Include="Vector4.cpp">
      <Filter>Math</Filter>
    </ClCompile>
    <ClCompile Include="Timer.cpp">
      <Filter>Misc</Filter>
    </ClCompile>
    <ClCompile Include="Vector2.cpp">
      <Filter>Math</Filter>
    </ClCompile>
    <ClCompile Include="pch.cpp" />
    <ClCompile Include="IEffect.cpp">
      <Filter>Shaders</Filter>
    </ClCompile>
    <ClCompile Include="PosCol3DEffect.cpp">
      <Filter>Shaders</Filter>
    </ClCompile>
    <ClCompile Include="Mesh.cpp" />
    <ClCompile Include="Texture.cpp" />
    <ClCompile Include="Camera.cpp" />
    <ClCompile Include="DX11EffectVariables.cpp">
      <Filter>Math</Filter>
    </ClCompile>
    <ClCompile Include="imgui-1.90.1\backends\imgui_impl_dx11.cpp">
      <Filter>Math</Filter>
    </ClCompile>
    <ClCompile Include="imgui-1.90.1\backends\imgui_impl_sdl2.cpp">
      <Filter>Math</Filter>
    </ClCompile>
    <ClCompile Include="imgui-1.90.1\imgui.cpp">
      <Filter>Math</Filter>
    </ClCompile>
    <ClCompile Include="imgui-1.90.1\imgui_demo.cpp">
      <Filter>Math</Filter>
    </ClCompile>
    <ClCompile Include="imgui-1.90.1\imgui_draw.cpp">
      <Filter>Math</Filter>
    </ClCompile>
    <ClCompile Include="imgui-1.90.1\imgui_tables.cpp">
      <Filter>Math</Filter>
    </ClCompile>
    <ClCompile Include="imgui-1.90.1\imgui_widgets.cpp">
      <Filter>Math</Filter>
    </ClCompile>
    <ClCompile Include="Renderer12.cpp">
      <Filter>Math</Filter>
    </ClCompile>
    <ClCompile Include="TextureEffect.cpp">
      <Filter>Math</Filter>
    </ClCompile>
  </ItemGroup>
  <ItemGroup>
    <FxCompile Include="Resources\VertexShader.hlsl" />
    <FxCompile Include="Resources\PixelShader.hlsl" />
  </ItemGroup>
</Project>